// !$*UTF8*$!
{
	archiveVersion = 1;
	classes = {
	};
	objectVersion = 50;
	objects = {

/* Begin PBXBuildFile section */
		C36F2ACF2312BE40004FF81F /* AppDelegate.swift in Sources */ = {isa = PBXBuildFile; fileRef = C36F2ACE2312BE40004FF81F /* AppDelegate.swift */; };
		C36F2AD12312BE40004FF81F /* ViewController.swift in Sources */ = {isa = PBXBuildFile; fileRef = C36F2AD02312BE40004FF81F /* ViewController.swift */; };
		C36F2AD42312BE40004FF81F /* Main.storyboard in Resources */ = {isa = PBXBuildFile; fileRef = C36F2AD22312BE40004FF81F /* Main.storyboard */; };
		C36F2AD62312BE43004FF81F /* Assets.xcassets in Resources */ = {isa = PBXBuildFile; fileRef = C36F2AD52312BE43004FF81F /* Assets.xcassets */; };
		C36F2AD92312BE43004FF81F /* LaunchScreen.storyboard in Resources */ = {isa = PBXBuildFile; fileRef = C36F2AD72312BE43004FF81F /* LaunchScreen.storyboard */; };
		C36F2AE42312BE43004FF81F /* Hello_WorldTests.swift in Sources */ = {isa = PBXBuildFile; fileRef = C36F2AE32312BE43004FF81F /* Hello_WorldTests.swift */; };
		C36F2AEF2312BE43004FF81F /* Hello_WorldUITests.swift in Sources */ = {isa = PBXBuildFile; fileRef = C36F2AEE2312BE43004FF81F /* Hello_WorldUITests.swift */; };
/* End PBXBuildFile section */

/* Begin PBXContainerItemProxy section */
		C36F2AE02312BE43004FF81F /* PBXContainerItemProxy */ = {
			isa = PBXContainerItemProxy;
			containerPortal = C36F2AC32312BE40004FF81F /* Project object */;
			proxyType = 1;
			remoteGlobalIDString = C36F2ACA2312BE40004FF81F;
			remoteInfo = "Hello World";
		};
		C36F2AEB2312BE43004FF81F /* PBXContainerItemProxy */ = {
			isa = PBXContainerItemProxy;
			containerPortal = C36F2AC32312BE40004FF81F /* Project object */;
			proxyType = 1;
			remoteGlobalIDString = C36F2ACA2312BE40004FF81F;
			remoteInfo = "Hello World";
		};
/* End PBXContainerItemProxy section */

/* Begin PBXFileReference section */
		C36F2ACB2312BE40004FF81F /* Hello World.app */ = {isa = PBXFileReference; explicitFileType = wrapper.application; includeInIndex = 0; path = "Hello World.app"; sourceTree = BUILT_PRODUCTS_DIR; };
		C36F2ACE2312BE40004FF81F /* AppDelegate.swift */ = {isa = PBXFileReference; lastKnownFileType = sourcecode.swift; path = AppDelegate.swift; sourceTree = "<group>"; };
		C36F2AD02312BE40004FF81F /* ViewController.swift */ = {isa = PBXFileReference; lastKnownFileType = sourcecode.swift; path = ViewController.swift; sourceTree = "<group>"; };
		C36F2AD32312BE40004FF81F /* Base */ = {isa = PBXFileReference; lastKnownFileType = file.storyboard; name = Base; path = Base.lproj/Main.storyboard; sourceTree = "<group>"; };
		C36F2AD52312BE43004FF81F /* Assets.xcassets */ = {isa = PBXFileReference; lastKnownFileType = folder.assetcatalog; path = Assets.xcassets; sourceTree = "<group>"; };
		C36F2AD82312BE43004FF81F /* Base */ = {isa = PBXFileReference; lastKnownFileType = file.storyboard; name = Base; path = Base.lproj/LaunchScreen.storyboard; sourceTree = "<group>"; };
		C36F2ADA2312BE43004FF81F /* Info.plist */ = {isa = PBXFileReference; lastKnownFileType = text.plist.xml; path = Info.plist; sourceTree = "<group>"; };
		C36F2ADF2312BE43004FF81F /* Hello WorldTests.xctest */ = {isa = PBXFileReference; explicitFileType = wrapper.cfbundle; includeInIndex = 0; path = "Hello WorldTests.xctest"; sourceTree = BUILT_PRODUCTS_DIR; };
		C36F2AE32312BE43004FF81F /* Hello_WorldTests.swift */ = {isa = PBXFileReference; lastKnownFileType = sourcecode.swift; path = Hello_WorldTests.swift; sourceTree = "<group>"; };
		C36F2AE52312BE43004FF81F /* Info.plist */ = {isa = PBXFileReference; lastKnownFileType = text.plist.xml; path = Info.plist; sourceTree = "<group>"; };
		C36F2AEA2312BE43004FF81F /* Hello WorldUITests.xctest */ = {isa = PBXFileReference; explicitFileType = wrapper.cfbundle; includeInIndex = 0; path = "Hello WorldUITests.xctest"; sourceTree = BUILT_PRODUCTS_DIR; };
		C36F2AEE2312BE43004FF81F /* Hello_WorldUITests.swift */ = {isa = PBXFileReference; lastKnownFileType = sourcecode.swift; path = Hello_WorldUITests.swift; sourceTree = "<group>"; };
		C36F2AF02312BE43004FF81F /* Info.plist */ = {isa = PBXFileReference; lastKnownFileType = text.plist.xml; path = Info.plist; sourceTree = "<group>"; };
/* End PBXFileReference section */

/* Begin PBXFrameworksBuildPhase section */
		C36F2AC82312BE40004FF81F /* Frameworks */ = {
			isa = PBXFrameworksBuildPhase;
			buildActionMask = 2147483647;
			files = (
			);
			runOnlyForDeploymentPostprocessing = 0;
		};
		C36F2ADC2312BE43004FF81F /* Frameworks */ = {
			isa = PBXFrameworksBuildPhase;
			buildActionMask = 2147483647;
			files = (
			);
			runOnlyForDeploymentPostprocessing = 0;
		};
		C36F2AE72312BE43004FF81F /* Frameworks */ = {
			isa = PBXFrameworksBuildPhase;
			buildActionMask = 2147483647;
			files = (
			);
			runOnlyForDeploymentPostprocessing = 0;
		};
/* End PBXFrameworksBuildPhase section */

/* Begin PBXGroup section */
		C36F2AC22312BE40004FF81F = {
			isa = PBXGroup;
			children = (
				C36F2ACD2312BE40004FF81F /* Hello World */,
				C36F2AE22312BE43004FF81F /* Hello WorldTests */,
				C36F2AED2312BE43004FF81F /* Hello WorldUITests */,
				C36F2ACC2312BE40004FF81F /* Products */,
			);
			sourceTree = "<group>";
		};
		C36F2ACC2312BE40004FF81F /* Products */ = {
			isa = PBXGroup;
			children = (
				C36F2ACB2312BE40004FF81F /* Hello World.app */,
				C36F2ADF2312BE43004FF81F /* Hello WorldTests.xctest */,
				C36F2AEA2312BE43004FF81F /* Hello WorldUITests.xctest */,
			);
			name = Products;
			sourceTree = "<group>";
		};
		C36F2ACD2312BE40004FF81F /* Hello World */ = {
			isa = PBXGroup;
			children = (
				C36F2ACE2312BE40004FF81F /* AppDelegate.swift */,
				C36F2AD02312BE40004FF81F /* ViewController.swift */,
				C36F2AD22312BE40004FF81F /* Main.storyboard */,
				C36F2AD52312BE43004FF81F /* Assets.xcassets */,
				C36F2AD72312BE43004FF81F /* LaunchScreen.storyboard */,
				C36F2ADA2312BE43004FF81F /* Info.plist */,
			);
			path = "Hello World";
			sourceTree = "<group>";
		};
		C36F2AE22312BE43004FF81F /* Hello WorldTests */ = {
			isa = PBXGroup;
			children = (
				C36F2AE32312BE43004FF81F /* Hello_WorldTests.swift */,
				C36F2AE52312BE43004FF81F /* Info.plist */,
			);
			path = "Hello WorldTests";
			sourceTree = "<group>";
		};
		C36F2AED2312BE43004FF81F /* Hello WorldUITests */ = {
			isa = PBXGroup;
			children = (
				C36F2AEE2312BE43004FF81F /* Hello_WorldUITests.swift */,
				C36F2AF02312BE43004FF81F /* Info.plist */,
			);
			path = "Hello WorldUITests";
			sourceTree = "<group>";
		};
/* End PBXGroup section */

/* Begin PBXNativeTarget section */
		C36F2ACA2312BE40004FF81F /* Hello World */ = {
			isa = PBXNativeTarget;
			buildConfigurationList = C36F2AF32312BE43004FF81F /* Build configuration list for PBXNativeTarget "Hello World" */;
			buildPhases = (
				C36F2AC72312BE40004FF81F /* Sources */,
				C36F2AC82312BE40004FF81F /* Frameworks */,
				C36F2AC92312BE40004FF81F /* Resources */,
			);
			buildRules = (
			);
			dependencies = (
			);
			name = "Hello World";
			productName = "Hello World";
			productReference = C36F2ACB2312BE40004FF81F /* Hello World.app */;
			productType = "com.apple.product-type.application";
		};
		C36F2ADE2312BE43004FF81F /* Hello WorldTests */ = {
			isa = PBXNativeTarget;
			buildConfigurationList = C36F2AF62312BE43004FF81F /* Build configuration list for PBXNativeTarget "Hello WorldTests" */;
			buildPhases = (
				C36F2ADB2312BE43004FF81F /* Sources */,
				C36F2ADC2312BE43004FF81F /* Frameworks */,
				C36F2ADD2312BE43004FF81F /* Resources */,
			);
			buildRules = (
			);
			dependencies = (
				C36F2AE12312BE43004FF81F /* PBXTargetDependency */,
			);
			name = "Hello WorldTests";
			productName = "Hello WorldTests";
			productReference = C36F2ADF2312BE43004FF81F /* Hello WorldTests.xctest */;
			productType = "com.apple.product-type.bundle.unit-test";
		};
		C36F2AE92312BE43004FF81F /* Hello WorldUITests */ = {
			isa = PBXNativeTarget;
			buildConfigurationList = C36F2AF92312BE43004FF81F /* Build configuration list for PBXNativeTarget "Hello WorldUITests" */;
			buildPhases = (
				C36F2AE62312BE43004FF81F /* Sources */,
				C36F2AE72312BE43004FF81F /* Frameworks */,
				C36F2AE82312BE43004FF81F /* Resources */,
			);
			buildRules = (
			);
			dependencies = (
				C36F2AEC2312BE43004FF81F /* PBXTargetDependency */,
			);
			name = "Hello WorldUITests";
			productName = "Hello WorldUITests";
			productReference = C36F2AEA2312BE43004FF81F /* Hello WorldUITests.xctest */;
			productType = "com.apple.product-type.bundle.ui-testing";
		};
/* End PBXNativeTarget section */

/* Begin PBXProject section */
		C36F2AC32312BE40004FF81F /* Project object */ = {
			isa = PBXProject;
			attributes = {
				LastSwiftUpdateCheck = 1030;
				LastUpgradeCheck = 1030;
				ORGANIZATIONNAME = "Cody Polton";
				TargetAttributes = {
					C36F2ACA2312BE40004FF81F = {
						CreatedOnToolsVersion = 10.3;
					};
					C36F2ADE2312BE43004FF81F = {
						CreatedOnToolsVersion = 10.3;
						TestTargetID = C36F2ACA2312BE40004FF81F;
					};
					C36F2AE92312BE43004FF81F = {
						CreatedOnToolsVersion = 10.3;
						TestTargetID = C36F2ACA2312BE40004FF81F;
					};
				};
			};
			buildConfigurationList = C36F2AC62312BE40004FF81F /* Build configuration list for PBXProject "Hello World" */;
			compatibilityVersion = "Xcode 9.3";
			developmentRegion = en;
			hasScannedForEncodings = 0;
			knownRegions = (
				en,
				Base,
			);
			mainGroup = C36F2AC22312BE40004FF81F;
			productRefGroup = C36F2ACC2312BE40004FF81F /* Products */;
			projectDirPath = "";
			projectRoot = "";
			targets = (
				C36F2ACA2312BE40004FF81F /* Hello World */,
				C36F2ADE2312BE43004FF81F /* Hello WorldTests */,
				C36F2AE92312BE43004FF81F /* Hello WorldUITests */,
			);
		};
/* End PBXProject section */

/* Begin PBXResourcesBuildPhase section */
		C36F2AC92312BE40004FF81F /* Resources */ = {
			isa = PBXResourcesBuildPhase;
			buildActionMask = 2147483647;
			files = (
				C36F2AD92312BE43004FF81F /* LaunchScreen.storyboard in Resources */,
				C36F2AD62312BE43004FF81F /* Assets.xcassets in Resources */,
				C36F2AD42312BE40004FF81F /* Main.storyboard in Resources */,
			);
			runOnlyForDeploymentPostprocessing = 0;
		};
		C36F2ADD2312BE43004FF81F /* Resources */ = {
			isa = PBXResourcesBuildPhase;
			buildActionMask = 2147483647;
			files = (
			);
			runOnlyForDeploymentPostprocessing = 0;
		};
		C36F2AE82312BE43004FF81F /* Resources */ = {
			isa = PBXResourcesBuildPhase;
			buildActionMask = 2147483647;
			files = (
			);
			runOnlyForDeploymentPostprocessing = 0;
		};
/* End PBXResourcesBuildPhase section */

/* Begin PBXSourcesBuildPhase section */
		C36F2AC72312BE40004FF81F /* Sources */ = {
			isa = PBXSourcesBuildPhase;
			buildActionMask = 2147483647;
			files = (
				C36F2AD12312BE40004FF81F /* ViewController.swift in Sources */,
				C36F2ACF2312BE40004FF81F /* AppDelegate.swift in Sources */,
			);
			runOnlyForDeploymentPostprocessing = 0;
		};
		C36F2ADB2312BE43004FF81F /* Sources */ = {
			isa = PBXSourcesBuildPhase;
			buildActionMask = 2147483647;
			files = (
				C36F2AE42312BE43004FF81F /* Hello_WorldTests.swift in Sources */,
			);
			runOnlyForDeploymentPostprocessing = 0;
		};
		C36F2AE62312BE43004FF81F /* Sources */ = {
			isa = PBXSourcesBuildPhase;
			buildActionMask = 2147483647;
			files = (
				C36F2AEF2312BE43004FF81F /* Hello_WorldUITests.swift in Sources */,
			);
			runOnlyForDeploymentPostprocessing = 0;
		};
/* End PBXSourcesBuildPhase section */

/* Begin PBXTargetDependency section */
		C36F2AE12312BE43004FF81F /* PBXTargetDependency */ = {
			isa = PBXTargetDependency;
			target = C36F2ACA2312BE40004FF81F /* Hello World */;
			targetProxy = C36F2AE02312BE43004FF81F /* PBXContainerItemProxy */;
		};
		C36F2AEC2312BE43004FF81F /* PBXTargetDependency */ = {
			isa = PBXTargetDependency;
			target = C36F2ACA2312BE40004FF81F /* Hello World */;
			targetProxy = C36F2AEB2312BE43004FF81F /* PBXContainerItemProxy */;
		};
/* End PBXTargetDependency section */

/* Begin PBXVariantGroup section */
		C36F2AD22312BE40004FF81F /* Main.storyboard */ = {
			isa = PBXVariantGroup;
			children = (
				C36F2AD32312BE40004FF81F /* Base */,
			);
			name = Main.storyboard;
			sourceTree = "<group>";
		};
		C36F2AD72312BE43004FF81F /* LaunchScreen.storyboard */ = {
			isa = PBXVariantGroup;
			children = (
				C36F2AD82312BE43004FF81F /* Base */,
			);
			name = LaunchScreen.storyboard;
			sourceTree = "<group>";
		};
/* End PBXVariantGroup section */

/* Begin XCBuildConfiguration section */
		C36F2AF12312BE43004FF81F /* Debug */ = {
			isa = XCBuildConfiguration;
			buildSettings = {
				ALWAYS_SEARCH_USER_PATHS = NO;
				CLANG_ANALYZER_NONNULL = YES;
				CLANG_ANALYZER_NUMBER_OBJECT_CONVERSION = YES_AGGRESSIVE;
				CLANG_CXX_LANGUAGE_STANDARD = "gnu++14";
				CLANG_CXX_LIBRARY = "libc++";
				CLANG_ENABLE_MODULES = YES;
				CLANG_ENABLE_OBJC_ARC = YES;
				CLANG_ENABLE_OBJC_WEAK = YES;
				CLANG_WARN_BLOCK_CAPTURE_AUTORELEASING = YES;
				CLANG_WARN_BOOL_CONVERSION = YES;
				CLANG_WARN_COMMA = YES;
				CLANG_WARN_CONSTANT_CONVERSION = YES;
				CLANG_WARN_DEPRECATED_OBJC_IMPLEMENTATIONS = YES;
				CLANG_WARN_DIRECT_OBJC_ISA_USAGE = YES_ERROR;
				CLANG_WARN_DOCUMENTATION_COMMENTS = YES;
				CLANG_WARN_EMPTY_BODY = YES;
				CLANG_WARN_ENUM_CONVERSION = YES;
				CLANG_WARN_INFINITE_RECURSION = YES;
				CLANG_WARN_INT_CONVERSION = YES;
				CLANG_WARN_NON_LITERAL_NULL_CONVERSION = YES;
				CLANG_WARN_OBJC_IMPLICIT_RETAIN_SELF = YES;
				CLANG_WARN_OBJC_LITERAL_CONVERSION = YES;
				CLANG_WARN_OBJC_ROOT_CLASS = YES_ERROR;
				CLANG_WARN_RANGE_LOOP_ANALYSIS = YES;
				CLANG_WARN_STRICT_PROTOTYPES = YES;
				CLANG_WARN_SUSPICIOUS_MOVE = YES;
				CLANG_WARN_UNGUARDED_AVAILABILITY = YES_AGGRESSIVE;
				CLANG_WARN_UNREACHABLE_CODE = YES;
				CLANG_WARN__DUPLICATE_METHOD_MATCH = YES;
				CODE_SIGN_IDENTITY = "iPhone Developer";
				COPY_PHASE_STRIP = NO;
				DEBUG_INFORMATION_FORMAT = dwarf;
				ENABLE_STRICT_OBJC_MSGSEND = YES;
				ENABLE_TESTABILITY = YES;
				GCC_C_LANGUAGE_STANDARD = gnu11;
				GCC_DYNAMIC_NO_PIC = NO;
				GCC_NO_COMMON_BLOCKS = YES;
				GCC_OPTIMIZATION_LEVEL = 0;
				GCC_PREPROCESSOR_DEFINITIONS = (
					"DEBUG=1",
					"$(inherited)",
				);
				GCC_WARN_64_TO_32_BIT_CONVERSION = YES;
				GCC_WARN_ABOUT_RETURN_TYPE = YES_ERROR;
				GCC_WARN_UNDECLARED_SELECTOR = YES;
				GCC_WARN_UNINITIALIZED_AUTOS = YES_AGGRESSIVE;
				GCC_WARN_UNUSED_FUNCTION = YES;
				GCC_WARN_UNUSED_VARIABLE = YES;
				IPHONEOS_DEPLOYMENT_TARGET = 12.4;
				MTL_ENABLE_DEBUG_INFO = INCLUDE_SOURCE;
				MTL_FAST_MATH = YES;
				ONLY_ACTIVE_ARCH = YES;
				SDKROOT = iphoneos;
				SWIFT_ACTIVE_COMPILATION_CONDITIONS = DEBUG;
				SWIFT_OPTIMIZATION_LEVEL = "-Onone";
			};
			name = Debug;
		};
		C36F2AF22312BE43004FF81F /* Release */ = {
			isa = XCBuildConfiguration;
			buildSettings = {
				ALWAYS_SEARCH_USER_PATHS = NO;
				CLANG_ANALYZER_NONNULL = YES;
				CLANG_ANALYZER_NUMBER_OBJECT_CONVERSION = YES_AGGRESSIVE;
				CLANG_CXX_LANGUAGE_STANDARD = "gnu++14";
				CLANG_CXX_LIBRARY = "libc++";
				CLANG_ENABLE_MODULES = YES;
				CLANG_ENABLE_OBJC_ARC = YES;
				CLANG_ENABLE_OBJC_WEAK = YES;
				CLANG_WARN_BLOCK_CAPTURE_AUTORELEASING = YES;
				CLANG_WARN_BOOL_CONVERSION = YES;
				CLANG_WARN_COMMA = YES;
				CLANG_WARN_CONSTANT_CONVERSION = YES;
				CLANG_WARN_DEPRECATED_OBJC_IMPLEMENTATIONS = YES;
				CLANG_WARN_DIRECT_OBJC_ISA_USAGE = YES_ERROR;
				CLANG_WARN_DOCUMENTATION_COMMENTS = YES;
				CLANG_WARN_EMPTY_BODY = YES;
				CLANG_WARN_ENUM_CONVERSION = YES;
				CLANG_WARN_INFINITE_RECURSION = YES;
				CLANG_WARN_INT_CONVERSION = YES;
				CLANG_WARN_NON_LITERAL_NULL_CONVERSION = YES;
				CLANG_WARN_OBJC_IMPLICIT_RETAIN_SELF = YES;
				CLANG_WARN_OBJC_LITERAL_CONVERSION = YES;
				CLANG_WARN_OBJC_ROOT_CLASS = YES_ERROR;
				CLANG_WARN_RANGE_LOOP_ANALYSIS = YES;
				CLANG_WARN_STRICT_PROTOTYPES = YES;
				CLANG_WARN_SUSPICIOUS_MOVE = YES;
				CLANG_WARN_UNGUARDED_AVAILABILITY = YES_AGGRESSIVE;
				CLANG_WARN_UNREACHABLE_CODE = YES;
				CLANG_WARN__DUPLICATE_METHOD_MATCH = YES;
				CODE_SIGN_IDENTITY = "iPhone Developer";
				COPY_PHASE_STRIP = NO;
				DEBUG_INFORMATION_FORMAT = "dwarf-with-dsym";
				ENABLE_NS_ASSERTIONS = NO;
				ENABLE_STRICT_OBJC_MSGSEND = YES;
				GCC_C_LANGUAGE_STANDARD = gnu11;
				GCC_NO_COMMON_BLOCKS = YES;
				GCC_WARN_64_TO_32_BIT_CONVERSION = YES;
				GCC_WARN_ABOUT_RETURN_TYPE = YES_ERROR;
				GCC_WARN_UNDECLARED_SELECTOR = YES;
				GCC_WARN_UNINITIALIZED_AUTOS = YES_AGGRESSIVE;
				GCC_WARN_UNUSED_FUNCTION = YES;
				GCC_WARN_UNUSED_VARIABLE = YES;
				IPHONEOS_DEPLOYMENT_TARGET = 12.4;
				MTL_ENABLE_DEBUG_INFO = NO;
				MTL_FAST_MATH = YES;
				SDKROOT = iphoneos;
				SWIFT_COMPILATION_MODE = wholemodule;
				SWIFT_OPTIMIZATION_LEVEL = "-O";
				VALIDATE_PRODUCT = YES;
			};
			name = Release;
		};
		C36F2AF42312BE43004FF81F /* Debug */ = {
			isa = XCBuildConfiguration;
			buildSettings = {
				ASSETCATALOG_COMPILER_APPICON_NAME = AppIcon;
				CODE_SIGN_STYLE = Automatic;
				DEVELOPMENT_TEAM = 8C8V8ZG489;
				INFOPLIST_FILE = "Hello World/Info.plist";
				LD_RUNPATH_SEARCH_PATHS = (
					"$(inherited)",
					"@executable_path/Frameworks",
				);
				PRODUCT_BUNDLE_IDENTIFIER = "edu.missouri.Hello-World-CJP";
				PRODUCT_NAME = "$(TARGET_NAME)";
				SWIFT_VERSION = 5.0;
				TARGETED_DEVICE_FAMILY = "1,2";
			};
			name = Debug;
		};
		C36F2AF52312BE43004FF81F /* Release */ = {
			isa = XCBuildConfiguration;
			buildSettings = {
				ASSETCATALOG_COMPILER_APPICON_NAME = AppIcon;
				CODE_SIGN_STYLE = Automatic;
				DEVELOPMENT_TEAM = 8C8V8ZG489;
				INFOPLIST_FILE = "Hello World/Info.plist";
				LD_RUNPATH_SEARCH_PATHS = (
					"$(inherited)",
					"@executable_path/Frameworks",
				);
				PRODUCT_BUNDLE_IDENTIFIER = "edu.missouri.Hello-World-CJP";
				PRODUCT_NAME = "$(TARGET_NAME)";
				SWIFT_VERSION = 5.0;
				TARGETED_DEVICE_FAMILY = "1,2";
			};
			name = Release;
		};
		C36F2AF72312BE43004FF81F /* Debug */ = {
			isa = XCBuildConfiguration;
			buildSettings = {
				ALWAYS_EMBED_SWIFT_STANDARD_LIBRARIES = YES;
				BUNDLE_LOADER = "$(TEST_HOST)";
				CODE_SIGN_STYLE = Automatic;
				DEVELOPMENT_TEAM = 8C8V8ZG489;
				INFOPLIST_FILE = "Hello WorldTests/Info.plist";
				LD_RUNPATH_SEARCH_PATHS = (
					"$(inherited)",
					"@executable_path/Frameworks",
					"@loader_path/Frameworks",
				);
				PRODUCT_BUNDLE_IDENTIFIER = "edu.missouri.Hello-WorldTests";
				PRODUCT_NAME = "$(TARGET_NAME)";
				SWIFT_VERSION = 5.0;
				TARGETED_DEVICE_FAMILY = "1,2";
				TEST_HOST = "$(BUILT_PRODUCTS_DIR)/Hello World.app/Hello World";
			};
			name = Debug;
		};
		C36F2AF82312BE43004FF81F /* Release */ = {
			isa = XCBuildConfiguration;
			buildSettings = {
				ALWAYS_EMBED_SWIFT_STANDARD_LIBRARIES = YES;
				BUNDLE_LOADER = "$(TEST_HOST)";
				CODE_SIGN_STYLE = Automatic;
				DEVELOPMENT_TEAM = 8C8V8ZG489;
				INFOPLIST_FILE = "Hello WorldTests/Info.plist";
				LD_RUNPATH_SEARCH_PATHS = (
					"$(inherited)",
					"@executable_path/Frameworks",
					"@loader_path/Frameworks",
				);
				PRODUCT_BUNDLE_IDENTIFIER = "edu.missouri.Hello-WorldTests";
				PRODUCT_NAME = "$(TARGET_NAME)";
				SWIFT_VERSION = 5.0;
				TARGETED_DEVICE_FAMILY = "1,2";
				TEST_HOST = "$(BUILT_PRODUCTS_DIR)/Hello World.app/Hello World";
			};
			name = Release;
		};
		C36F2AFA2312BE43004FF81F /* Debug */ = {
			isa = XCBuildConfiguration;
			buildSettings = {
				ALWAYS_EMBED_SWIFT_STANDARD_LIBRARIES = YES;
				CODE_SIGN_STYLE = Automatic;
				DEVELOPMENT_TEAM = 8C8V8ZG489;
				INFOPLIST_FILE = "Hello WorldUITests/Info.plist";
				LD_RUNPATH_SEARCH_PATHS = (
					"$(inherited)",
					"@executable_path/Frameworks",
					"@loader_path/Frameworks",
				);
				PRODUCT_BUNDLE_IDENTIFIER = "edu.missouri.Hello-WorldUITests";
				PRODUCT_NAME = "$(TARGET_NAME)";
				SWIFT_VERSION = 5.0;
				TARGETED_DEVICE_FAMILY = "1,2";
				TEST_TARGET_NAME = "Hello World";
			};
			name = Debug;
		};
		C36F2AFB2312BE43004FF81F /* Release */ = {
			isa = XCBuildConfiguration;
			buildSettings = {
				ALWAYS_EMBED_SWIFT_STANDARD_LIBRARIES = YES;
				CODE_SIGN_STYLE = Automatic;
				DEVELOPMENT_TEAM = 8C8V8ZG489;
				INFOPLIST_FILE = "Hello WorldUITests/Info.plist";
				LD_RUNPATH_SEARCH_PATHS = (
					"$(inherited)",
					"@executable_path/Frameworks",
					"@loader_path/Frameworks",
				);
				PRODUCT_BUNDLE_IDENTIFIER = "edu.missouri.Hello-WorldUITests";
				PRODUCT_NAME = "$(TARGET_NAME)";
				SWIFT_VERSION = 5.0;
				TARGETED_DEVICE_FAMILY = "1,2";
				TEST_TARGET_NAME = "Hello World";
			};
			name = Release;
		};
/* End XCBuildConfiguration section */

/* Begin XCConfigurationList section */
		C36F2AC62312BE40004FF81F /* Build configuration list for PBXProject "Hello World" */ = {
			isa = XCConfigurationList;
			buildConfigurations = (
				C36F2AF12312BE43004FF81F /* Debug */,
				C36F2AF22312BE43004FF81F /* Release */,
			);
			defaultConfigurationIsVisible = 0;
			defaultConfigurationName = Release;
		};
		C36F2AF32312BE43004FF81F /* Build configuration list for PBXNativeTarget "Hello World" */ = {
			isa = XCConfigurationList;
			buildConfigurations = (
				C36F2AF42312BE43004FF81F /* Debug */,
				C36F2AF52312BE43004FF81F /* Release */,
			);
			defaultConfigurationIsVisible = 0;
			defaultConfigurationName = Release;
		};
		C36F2AF62312BE43004FF81F /* Build configuration list for PBXNativeTarget "Hello WorldTests" */ = {
			isa = XCConfigurationList;
			buildConfigurations = (
				C36F2AF72312BE43004FF81F /* Debug */,
				C36F2AF82312BE43004FF81F /* Release */,
			);
			defaultConfigurationIsVisible = 0;
			defaultConfigurationName = Release;
		};
		C36F2AF92312BE43004FF81F /* Build configuration list for PBXNativeTarget "Hello WorldUITests" */ = {
			isa = XCConfigurationList;
			buildConfigurations = (
				C36F2AFA2312BE43004FF81F /* Debug */,
				C36F2AFB2312BE43004FF81F /* Release */,
			);
			defaultConfigurationIsVisible = 0;
			defaultConfigurationName = Release;
		};
/* End XCConfigurationList section */
	};
	rootObject = C36F2AC32312BE40004FF81F /* Project object */;
}
